
Microsoft Visual Studio Solution File, Format Version 12.00
# Visual Studio Version 17
VisualStudioVersion = 17.0.32112.339
MinimumVisualStudioVersion = 10.0.40219.1
Project("{FAE04EC0-301F-11D3-BF4B-00C04F79EFBC}") = "PuebaNET6", "PuebaNET6.csproj", "{2C271CD2-2999-4336-8F55-CC02794FB4E2}"
EndProject
Project("{FAE04EC0-301F-11D3-BF4B-00C04F79EFBC}") = "Contracts", "..\Contracts\Contracts.csproj", "{877AD2CA-7244-4E86-8D51-63617EE97153}"
EndProject
Project("{FAE04EC0-301F-11D3-BF4B-00C04F79EFBC}") = "LoggerService", "..\LoggerService\LoggerService.csproj", "{DECA3B71-F831-46C1-B304-ED7A62A921B8}"
EndProject
Project("{FAE04EC0-301F-11D3-BF4B-00C04F79EFBC}") = "Entities", "..\Entities\Entities.csproj", "{88C94185-8194-4888-995F-90A01E682FBC}"
EndProject
Global
	GlobalSection(SolutionConfigurationPlatforms) = preSolution
		Debug|Any CPU = Debug|Any CPU
		Release|Any CPU = Release|Any CPU
	EndGlobalSection
	GlobalSection(ProjectConfigurationPlatforms) = postSolution
		{2C271CD2-2999-4336-8F55-CC02794FB4E2}.Debug|Any CPU.ActiveCfg = Debug|Any CPU
		{2C271CD2-2999-4336-8F55-CC02794FB4E2}.Debug|Any CPU.Build.0 = Debug|Any CPU
		{2C271CD2-2999-4336-8F55-CC02794FB4E2}.Release|Any CPU.ActiveCfg = Release|Any CPU
		{2C271CD2-2999-4336-8F55-CC02794FB4E2}.Release|Any CPU.Build.0 = Release|Any CPU
		{877AD2CA-7244-4E86-8D51-63617EE97153}.Debug|Any CPU.ActiveCfg = Debug|Any CPU
		{877AD2CA-7244-4E86-8D51-63617EE97153}.Debug|Any CPU.Build.0 = Debug|Any CPU
		{877AD2CA-7244-4E86-8D51-63617EE97153}.Release|Any CPU.ActiveCfg = Release|Any CPU
		{877AD2CA-7244-4E86-8D51-63617EE97153}.Release|Any CPU.Build.0 = Release|Any CPU
		{DECA3B71-F831-46C1-B304-ED7A62A921B8}.Debug|Any CPU.ActiveCfg = Debug|Any CPU
		{DECA3B71-F831-46C1-B304-ED7A62A921B8}.Debug|Any CPU.Build.0 = Debug|Any CPU
		{DECA3B71-F831-46C1-B304-ED7A62A921B8}.Release|Any CPU.ActiveCfg = Release|Any CPU
		{DECA3B71-F831-46C1-B304-ED7A62A921B8}.Release|Any CPU.Build.0 = Release|Any CPU
		{88C94185-8194-4888-995F-90A01E682FBC}.Debug|Any CPU.ActiveCfg = Debug|Any CPU
		{88C94185-8194-4888-995F-90A01E682FBC}.Debug|Any CPU.Build.0 = Debug|Any CPU
		{88C94185-8194-4888-995F-90A01E682FBC}.Release|Any CPU.ActiveCfg = Release|Any CPU
		{88C94185-8194-4888-995F-90A01E682FBC}.Release|Any CPU.Build.0 = Release|Any CPU
	EndGlobalSection
	GlobalSection(SolutionProperties) = preSolution
		HideSolutionNode = FALSE
	EndGlobalSection
	GlobalSection(ExtensibilityGlobals) = postSolution
		SolutionGuid = {6EDE1691-1202-4271-9A5F-62CECD1FBB7B}
	EndGlobalSection
EndGlobal
